<Solution>
  <Folder Name="/src/">
    <Project Path="src/LoLRemote.Agent.Core/LoLRemote.Agent.Core.csproj" />
    <Project Path="src/LoLRemote.Simulator.Core/LoLRemote.Simulator.Core.csproj" />
    <Project Path="src/LoLRemote.Simulator/LoLRemote.Simulator.csproj" />
  </Folder>
  <Folder Name="/spikes/">
    <Project Path="spikes/LoLRemote.CaptureSpike/LoLRemote.CaptureSpike.csproj" />
    <Project Path="spikes/LoLRemote.WebRtcSpike/LoLRemote.WebRtcSpike.csproj" />
  </Folder>
  <Folder Name="/tests/">
    <Project Path="tests/LoLRemote.Agent.Core.Tests/LoLRemote.Agent.Core.Tests.csproj" />
    <Project Path="tests/LoLRemote.Simulator.Core.Tests/LoLRemote.Simulator.Core.Tests.csproj" />
  </Folder>
</Solution>
